
Microsoft Visual Studio Solution File, Format Version 12.00
# Visual Studio Version 17
VisualStudioVersion = 17.0.31903.59
MinimumVisualStudioVersion = 10.0.40219.1
Project("{FAE04EC0-301F-11D3-BF4B-00C04F79EFBC}") = "LAB02", "LAB02\LAB02.csproj", "{851DEA2B-AB41-4B22-8139-C7452D53C725}"
EndProject
Project("{FAE04EC0-301F-11D3-BF4B-00C04F79EFBC}") = "LAB02.Tests", "LAB02.Tests\LAB02.Tests.csproj", "{593A1661-4F29-40CB-A5D6-92773EFEB59E}"
EndProject
Global
	GlobalSection(SolutionConfigurationPlatforms) = preSolution
		Debug|Any CPU = Debug|Any CPU
		Debug|x64 = Debug|x64
		Debug|x86 = Debug|x86
		Release|Any CPU = Release|Any CPU
		Release|x64 = Release|x64
		Release|x86 = Release|x86
	EndGlobalSection
	GlobalSection(ProjectConfigurationPlatforms) = postSolution
		{851DEA2B-AB41-4B22-8139-C7452D53C725}.Debug|Any CPU.ActiveCfg = Debug|Any CPU
		{851DEA2B-AB41-4B22-8139-C7452D53C725}.Debug|Any CPU.Build.0 = Debug|Any CPU
		{851DEA2B-AB41-4B22-8139-C7452D53C725}.Debug|x64.ActiveCfg = Debug|Any CPU
		{851DEA2B-AB41-4B22-8139-C7452D53C725}.Debug|x64.Build.0 = Debug|Any CPU
		{851DEA2B-AB41-4B22-8139-C7452D53C725}.Debug|x86.ActiveCfg = Debug|Any CPU
		{851DEA2B-AB41-4B22-8139-C7452D53C725}.Debug|x86.Build.0 = Debug|Any CPU
		{851DEA2B-AB41-4B22-8139-C7452D53C725}.Release|Any CPU.ActiveCfg = Release|Any CPU
		{851DEA2B-AB41-4B22-8139-C7452D53C725}.Release|Any CPU.Build.0 = Release|Any CPU
		{851DEA2B-AB41-4B22-8139-C7452D53C725}.Release|x64.ActiveCfg = Release|Any CPU
		{851DEA2B-AB41-4B22-8139-C7452D53C725}.Release|x64.Build.0 = Release|Any CPU
		{851DEA2B-AB41-4B22-8139-C7452D53C725}.Release|x86.ActiveCfg = Release|Any CPU
		{851DEA2B-AB41-4B22-8139-C7452D53C725}.Release|x86.Build.0 = Release|Any CPU
		{593A1661-4F29-40CB-A5D6-92773EFEB59E}.Debug|Any CPU.ActiveCfg = Debug|Any CPU
		{593A1661-4F29-40CB-A5D6-92773EFEB59E}.Debug|Any CPU.Build.0 = Debug|Any CPU
		{593A1661-4F29-40CB-A5D6-92773EFEB59E}.Debug|x64.ActiveCfg = Debug|Any CPU
		{593A1661-4F29-40CB-A5D6-92773EFEB59E}.Debug|x64.Build.0 = Debug|Any CPU
		{593A1661-4F29-40CB-A5D6-92773EFEB59E}.Debug|x86.ActiveCfg = Debug|Any CPU
		{593A1661-4F29-40CB-A5D6-92773EFEB59E}.Debug|x86.Build.0 = Debug|Any CPU
		{593A1661-4F29-40CB-A5D6-92773EFEB59E}.Release|Any CPU.ActiveCfg = Release|Any CPU
		{593A1661-4F29-40CB-A5D6-92773EFEB59E}.Release|Any CPU.Build.0 = Release|Any CPU
		{593A1661-4F29-40CB-A5D6-92773EFEB59E}.Release|x64.ActiveCfg = Release|Any CPU
		{593A1661-4F29-40CB-A5D6-92773EFEB59E}.Release|x64.Build.0 = Release|Any CPU
		{593A1661-4F29-40CB-A5D6-92773EFEB59E}.Release|x86.ActiveCfg = Release|Any CPU
		{593A1661-4F29-40CB-A5D6-92773EFEB59E}.Release|x86.Build.0 = Release|Any CPU
	EndGlobalSection
	GlobalSection(SolutionProperties) = preSolution
		HideSolutionNode = FALSE
	EndGlobalSection
EndGlobal
